
Microsoft Visual Studio Solution File, Format Version 12.00
# Visual Studio Version 17
VisualStudioVersion = 17.11.35219.272
MinimumVisualStudioVersion = 10.0.40219.1
Project("{FAE04EC0-301F-11D3-BF4B-00C04F79EFBC}") = "007_bmiupgrade", "007_bmiupgrade\007_bmiupgrade.csproj", "{BBF9A14C-5F7F-4FCF-8A34-71DDE87C1077}"
EndProject
Project("{FAE04EC0-301F-11D3-BF4B-00C04F79EFBC}") = "008_login", "008_login\008_login.csproj", "{4D0B7059-B72F-41D9-AA4D-8E670ED1CBF8}"
EndProject
Project("{FAE04EC0-301F-11D3-BF4B-00C04F79EFBC}") = "006_bmi(font)", "006_bmi(font)\006_bmi(font).csproj", "{F39AFD82-3F31-4B01-B1A9-DC5C3C8E29E6}"
EndProject
Project("{FAE04EC0-301F-11D3-BF4B-00C04F79EFBC}") = "005_bmiform", "005_bmiform\005_bmiform.csproj", "{6DAEFC6A-2518-485B-92D8-67CC1474247A}"
EndProject
Project("{FAE04EC0-301F-11D3-BF4B-00C04F79EFBC}") = "004_bmiForm", "..\Visual2025_1(복습)\004_bmiForm\004_bmiForm.csproj", "{96EA9BD5-710A-4217-9B22-473CDF307680}"
EndProject
Project("{8BC9CEB8-8B4A-11D0-8D11-00A0C91BC942}") = "001_bmi", "..\Visual2025_1(복습)\001_bmi\001_bmi.vcxproj", "{8E54325F-BDF1-46A1-89C9-9B1B7DAB4212}"
EndProject
Project("{9A19103F-16F7-4668-BE54-9A1E7A4F7556}") = "009_Format", "007_Format\009_Format.csproj", "{3FC55306-2155-40C8-981E-7F474FAB02A9}"
EndProject
Project("{9A19103F-16F7-4668-BE54-9A1E7A4F7556}") = "003_bmics", "003_bmics\003_bmics.csproj", "{CF51A3D7-BEA7-4194-AB74-7DE9733DAA99}"
EndProject
Project("{FAE04EC0-301F-11D3-BF4B-00C04F79EFBC}") = "010_BasicControls", "010_BasicControls\010_BasicControls.csproj", "{0ABF1E30-24E2-4708-94F2-800F2AD10AD8}"
EndProject
Project("{FAE04EC0-301F-11D3-BF4B-00C04F79EFBC}") = "011_MessageBox", "011_MessageBox\011_MessageBox.csproj", "{3F4F15E2-9479-43E4-A162-CF57957632AB}"
EndProject
Project("{FAE04EC0-301F-11D3-BF4B-00C04F79EFBC}") = "012_Labels_art", "012_Labels_art\012_Labels_art.csproj", "{593E8C8E-5EF7-4513-BBD7-EF217D5912E4}"
EndProject
Project("{FAE04EC0-301F-11D3-BF4B-00C04F79EFBC}") = "013_CheckBox", "013_CheckBox\013_CheckBox.csproj", "{50E3B8F1-5497-4839-B3C8-571531C32B98}"
EndProject
Project("{FAE04EC0-301F-11D3-BF4B-00C04F79EFBC}") = "014_RadioButton", "014_RadioButton\014_RadioButton.csproj", "{75EC5847-2159-4567-BD39-9E3E07BDBD2A}"
EndProject
Project("{FAE04EC0-301F-11D3-BF4B-00C04F79EFBC}") = "015_Test_Temperature", "015_Test\015_Test_Temperature.csproj", "{9607F7FA-7707-4005-8DA9-E0E1C5ADF0C1}"
EndProject
Project("{FAE04EC0-301F-11D3-BF4B-00C04F79EFBC}") = "015-1_Temperature", "015-1_Temperature\015-1_Temperature.csproj", "{01827B40-CC7A-43F3-B40D-36DAD15E658C}"
EndProject
Project("{FAE04EC0-301F-11D3-BF4B-00C04F79EFBC}") = "016_ScoreCalc", "016_ScoreCal\016_ScoreCalc.csproj", "{0913BE43-9C04-40DA-9DA6-3A5066A3A39E}"
EndProject
Project("{FAE04EC0-301F-11D3-BF4B-00C04F79EFBC}") = "017_GradeCalc", "017_GradeCalc\017_GradeCalc.csproj", "{D67105B0-0951-4DDA-88D5-FF42FEC4A533}"
EndProject
Global
	GlobalSection(SolutionConfigurationPlatforms) = preSolution
		Debug|Any CPU = Debug|Any CPU
		Debug|x64 = Debug|x64
		Debug|x86 = Debug|x86
		Release|Any CPU = Release|Any CPU
		Release|x64 = Release|x64
		Release|x86 = Release|x86
	EndGlobalSection
	GlobalSection(ProjectConfigurationPlatforms) = postSolution
		{BBF9A14C-5F7F-4FCF-8A34-71DDE87C1077}.Debug|Any CPU.ActiveCfg = Debug|Any CPU
		{BBF9A14C-5F7F-4FCF-8A34-71DDE87C1077}.Debug|Any CPU.Build.0 = Debug|Any CPU
		{BBF9A14C-5F7F-4FCF-8A34-71DDE87C1077}.Debug|x64.ActiveCfg = Debug|Any CPU
		{BBF9A14C-5F7F-4FCF-8A34-71DDE87C1077}.Debug|x64.Build.0 = Debug|Any CPU
		{BBF9A14C-5F7F-4FCF-8A34-71DDE87C1077}.Debug|x86.ActiveCfg = Debug|Any CPU
		{BBF9A14C-5F7F-4FCF-8A34-71DDE87C1077}.Debug|x86.Build.0 = Debug|Any CPU
		{BBF9A14C-5F7F-4FCF-8A34-71DDE87C1077}.Release|Any CPU.ActiveCfg = Release|Any CPU
		{BBF9A14C-5F7F-4FCF-8A34-71DDE87C1077}.Release|Any CPU.Build.0 = Release|Any CPU
		{BBF9A14C-5F7F-4FCF-8A34-71DDE87C1077}.Release|x64.ActiveCfg = Release|Any CPU
		{BBF9A14C-5F7F-4FCF-8A34-71DDE87C1077}.Release|x64.Build.0 = Release|Any CPU
		{BBF9A14C-5F7F-4FCF-8A34-71DDE87C1077}.Release|x86.ActiveCfg = Release|Any CPU
		{BBF9A14C-5F7F-4FCF-8A34-71DDE87C1077}.Release|x86.Build.0 = Release|Any CPU
		{4D0B7059-B72F-41D9-AA4D-8E670ED1CBF8}.Debug|Any CPU.ActiveCfg = Debug|Any CPU
		{4D0B7059-B72F-41D9-AA4D-8E670ED1CBF8}.Debug|Any CPU.Build.0 = Debug|Any CPU
		{4D0B7059-B72F-41D9-AA4D-8E670ED1CBF8}.Debug|x64.ActiveCfg = Debug|Any CPU
		{4D0B7059-B72F-41D9-AA4D-8E670ED1CBF8}.Debug|x64.Build.0 = Debug|Any CPU
		{4D0B7059-B72F-41D9-AA4D-8E670ED1CBF8}.Debug|x86.ActiveCfg = Debug|Any CPU
		{4D0B7059-B72F-41D9-AA4D-8E670ED1CBF8}.Debug|x86.Build.0 = Debug|Any CPU
		{4D0B7059-B72F-41D9-AA4D-8E670ED1CBF8}.Release|Any CPU.ActiveCfg = Release|Any CPU
		{4D0B7059-B72F-41D9-AA4D-8E670ED1CBF8}.Release|Any CPU.Build.0 = Release|Any CPU
		{4D0B7059-B72F-41D9-AA4D-8E670ED1CBF8}.Release|x64.ActiveCfg = Release|Any CPU
		{4D0B7059-B72F-41D9-AA4D-8E670ED1CBF8}.Release|x64.Build.0 = Release|Any CPU
		{4D0B7059-B72F-41D9-AA4D-8E670ED1CBF8}.Release|x86.ActiveCfg = Release|Any CPU
		{4D0B7059-B72F-41D9-AA4D-8E670ED1CBF8}.Release|x86.Build.0 = Release|Any CPU
		{F39AFD82-3F31-4B01-B1A9-DC5C3C8E29E6}.Debug|Any CPU.ActiveCfg = Debug|Any CPU
		{F39AFD82-3F31-4B01-B1A9-DC5C3C8E29E6}.Debug|Any CPU.Build.0 = Debug|Any CPU
		{F39AFD82-3F31-4B01-B1A9-DC5C3C8E29E6}.Debug|x64.ActiveCfg = Debug|Any CPU
		{F39AFD82-3F31-4B01-B1A9-DC5C3C8E29E6}.Debug|x64.Build.0 = Debug|Any CPU
		{F39AFD82-3F31-4B01-B1A9-DC5C3C8E29E6}.Debug|x86.ActiveCfg = Debug|Any CPU
		{F39AFD82-3F31-4B01-B1A9-DC5C3C8E29E6}.Debug|x86.Build.0 = Debug|Any CPU
		{F39AFD82-3F31-4B01-B1A9-DC5C3C8E29E6}.Release|Any CPU.ActiveCfg = Release|Any CPU
		{F39AFD82-3F31-4B01-B1A9-DC5C3C8E29E6}.Release|Any CPU.Build.0 = Release|Any CPU
		{F39AFD82-3F31-4B01-B1A9-DC5C3C8E29E6}.Release|x64.ActiveCfg = Release|Any CPU
		{F39AFD82-3F31-4B01-B1A9-DC5C3C8E29E6}.Release|x64.Build.0 = Release|Any CPU
		{F39AFD82-3F31-4B01-B1A9-DC5C3C8E29E6}.Release|x86.ActiveCfg = Release|Any CPU
		{F39AFD82-3F31-4B01-B1A9-DC5C3C8E29E6}.Release|x86.Build.0 = Release|Any CPU
		{6DAEFC6A-2518-485B-92D8-67CC1474247A}.Debug|Any CPU.ActiveCfg = Debug|Any CPU
		{6DAEFC6A-2518-485B-92D8-67CC1474247A}.Debug|Any CPU.Build.0 = Debug|Any CPU
		{6DAEFC6A-2518-485B-92D8-67CC1474247A}.Debug|x64.ActiveCfg = Debug|Any CPU
		{6DAEFC6A-2518-485B-92D8-67CC1474247A}.Debug|x64.Build.0 = Debug|Any CPU
		{6DAEFC6A-2518-485B-92D8-67CC1474247A}.Debug|x86.ActiveCfg = Debug|Any CPU
		{6DAEFC6A-2518-485B-92D8-67CC1474247A}.Debug|x86.Build.0 = Debug|Any CPU
		{6DAEFC6A-2518-485B-92D8-67CC1474247A}.Release|Any CPU.ActiveCfg = Release|Any CPU
		{6DAEFC6A-2518-485B-92D8-67CC1474247A}.Release|Any CPU.Build.0 = Release|Any CPU
		{6DAEFC6A-2518-485B-92D8-67CC1474247A}.Release|x64.ActiveCfg = Release|Any CPU
		{6DAEFC6A-2518-485B-92D8-67CC1474247A}.Release|x64.Build.0 = Release|Any CPU
		{6DAEFC6A-2518-485B-92D8-67CC1474247A}.Release|x86.ActiveCfg = Release|Any CPU
		{6DAEFC6A-2518-485B-92D8-67CC1474247A}.Release|x86.Build.0 = Release|Any CPU
		{96EA9BD5-710A-4217-9B22-473CDF307680}.Debug|Any CPU.ActiveCfg = Debug|Any CPU
		{96EA9BD5-710A-4217-9B22-473CDF307680}.Debug|Any CPU.Build.0 = Debug|Any CPU
		{96EA9BD5-710A-4217-9B22-473CDF307680}.Debug|x64.ActiveCfg = Debug|Any CPU
		{96EA9BD5-710A-4217-9B22-473CDF307680}.Debug|x64.Build.0 = Debug|Any CPU
		{96EA9BD5-710A-4217-9B22-473CDF307680}.Debug|x86.ActiveCfg = Debug|Any CPU
		{96EA9BD5-710A-4217-9B22-473CDF307680}.Debug|x86.Build.0 = Debug|Any CPU
		{96EA9BD5-710A-4217-9B22-473CDF307680}.Release|Any CPU.ActiveCfg = Release|Any CPU
		{96EA9BD5-710A-4217-9B22-473CDF307680}.Release|Any CPU.Build.0 = Release|Any CPU
		{96EA9BD5-710A-4217-9B22-473CDF307680}.Release|x64.ActiveCfg = Release|Any CPU
		{96EA9BD5-710A-4217-9B22-473CDF307680}.Release|x64.Build.0 = Release|Any CPU
		{96EA9BD5-710A-4217-9B22-473CDF307680}.Release|x86.ActiveCfg = Release|Any CPU
		{96EA9BD5-710A-4217-9B22-473CDF307680}.Release|x86.Build.0 = Release|Any CPU
		{8E54325F-BDF1-46A1-89C9-9B1B7DAB4212}.Debug|Any CPU.ActiveCfg = Debug|x64
		{8E54325F-BDF1-46A1-89C9-9B1B7DAB4212}.Debug|Any CPU.Build.0 = Debug|x64
		{8E54325F-BDF1-46A1-89C9-9B1B7DAB4212}.Debug|x64.ActiveCfg = Debug|x64
		{8E54325F-BDF1-46A1-89C9-9B1B7DAB4212}.Debug|x64.Build.0 = Debug|x64
		{8E54325F-BDF1-46A1-89C9-9B1B7DAB4212}.Debug|x86.ActiveCfg = Debug|Win32
		{8E54325F-BDF1-46A1-89C9-9B1B7DAB4212}.Debug|x86.Build.0 = Debug|Win32
		{8E54325F-BDF1-46A1-89C9-9B1B7DAB4212}.Release|Any CPU.ActiveCfg = Release|x64
		{8E54325F-BDF1-46A1-89C9-9B1B7DAB4212}.Release|Any CPU.Build.0 = Release|x64
		{8E54325F-BDF1-46A1-89C9-9B1B7DAB4212}.Release|x64.ActiveCfg = Release|x64
		{8E54325F-BDF1-46A1-89C9-9B1B7DAB4212}.Release|x64.Build.0 = Release|x64
		{8E54325F-BDF1-46A1-89C9-9B1B7DAB4212}.Release|x86.ActiveCfg = Release|Win32
		{8E54325F-BDF1-46A1-89C9-9B1B7DAB4212}.Release|x86.Build.0 = Release|Win32
		{3FC55306-2155-40C8-981E-7F474FAB02A9}.Debug|Any CPU.ActiveCfg = Debug|Any CPU
		{3FC55306-2155-40C8-981E-7F474FAB02A9}.Debug|Any CPU.Build.0 = Debug|Any CPU
		{3FC55306-2155-40C8-981E-7F474FAB02A9}.Debug|x64.ActiveCfg = Debug|Any CPU
		{3FC55306-2155-40C8-981E-7F474FAB02A9}.Debug|x64.Build.0 = Debug|Any CPU
		{3FC55306-2155-40C8-981E-7F474FAB02A9}.Debug|x86.ActiveCfg = Debug|Any CPU
		{3FC55306-2155-40C8-981E-7F474FAB02A9}.Debug|x86.Build.0 = Debug|Any CPU
		{3FC55306-2155-40C8-981E-7F474FAB02A9}.Release|Any CPU.ActiveCfg = Release|Any CPU
		{3FC55306-2155-40C8-981E-7F474FAB02A9}.Release|Any CPU.Build.0 = Release|Any CPU
		{3FC55306-2155-40C8-981E-7F474FAB02A9}.Release|x64.ActiveCfg = Release|Any CPU
		{3FC55306-2155-40C8-981E-7F474FAB02A9}.Release|x64.Build.0 = Release|Any CPU
		{3FC55306-2155-40C8-981E-7F474FAB02A9}.Release|x86.ActiveCfg = Release|Any CPU
		{3FC55306-2155-40C8-981E-7F474FAB02A9}.Release|x86.Build.0 = Release|Any CPU
		{CF51A3D7-BEA7-4194-AB74-7DE9733DAA99}.Debug|Any CPU.ActiveCfg = Debug|Any CPU
		{CF51A3D7-BEA7-4194-AB74-7DE9733DAA99}.Debug|Any CPU.Build.0 = Debug|Any CPU
		{CF51A3D7-BEA7-4194-AB74-7DE9733DAA99}.Debug|x64.ActiveCfg = Debug|Any CPU
		{CF51A3D7-BEA7-4194-AB74-7DE9733DAA99}.Debug|x64.Build.0 = Debug|Any CPU
		{CF51A3D7-BEA7-4194-AB74-7DE9733DAA99}.Debug|x86.ActiveCfg = Debug|Any CPU
		{CF51A3D7-BEA7-4194-AB74-7DE9733DAA99}.Debug|x86.Build.0 = Debug|Any CPU
		{CF51A3D7-BEA7-4194-AB74-7DE9733DAA99}.Release|Any CPU.ActiveCfg = Release|Any CPU
		{CF51A3D7-BEA7-4194-AB74-7DE9733DAA99}.Release|Any CPU.Build.0 = Release|Any CPU
		{CF51A3D7-BEA7-4194-AB74-7DE9733DAA99}.Release|x64.ActiveCfg = Release|Any CPU
		{CF51A3D7-BEA7-4194-AB74-7DE9733DAA99}.Release|x64.Build.0 = Release|Any CPU
		{CF51A3D7-BEA7-4194-AB74-7DE9733DAA99}.Release|x86.ActiveCfg = Release|Any CPU
		{CF51A3D7-BEA7-4194-AB74-7DE9733DAA99}.Release|x86.Build.0 = Release|Any CPU
		{0ABF1E30-24E2-4708-94F2-800F2AD10AD8}.Debug|Any CPU.ActiveCfg = Debug|Any CPU
		{0ABF1E30-24E2-4708-94F2-800F2AD10AD8}.Debug|Any CPU.Build.0 = Debug|Any CPU
		{0ABF1E30-24E2-4708-94F2-800F2AD10AD8}.Debug|x64.ActiveCfg = Debug|Any CPU
		{0ABF1E30-24E2-4708-94F2-800F2AD10AD8}.Debug|x64.Build.0 = Debug|Any CPU
		{0ABF1E30-24E2-4708-94F2-800F2AD10AD8}.Debug|x86.ActiveCfg = Debug|Any CPU
		{0ABF1E30-24E2-4708-94F2-800F2AD10AD8}.Debug|x86.Build.0 = Debug|Any CPU
		{0ABF1E30-24E2-4708-94F2-800F2AD10AD8}.Release|Any CPU.ActiveCfg = Release|Any CPU
		{0ABF1E30-24E2-4708-94F2-800F2AD10AD8}.Release|Any CPU.Build.0 = Release|Any CPU
		{0ABF1E30-24E2-4708-94F2-800F2AD10AD8}.Release|x64.ActiveCfg = Release|Any CPU
		{0ABF1E30-24E2-4708-94F2-800F2AD10AD8}.Release|x64.Build.0 = Release|Any CPU
		{0ABF1E30-24E2-4708-94F2-800F2AD10AD8}.Release|x86.ActiveCfg = Release|Any CPU
		{0ABF1E30-24E2-4708-94F2-800F2AD10AD8}.Release|x86.Build.0 = Release|Any CPU
		{3F4F15E2-9479-43E4-A162-CF57957632AB}.Debug|Any CPU.ActiveCfg = Debug|Any CPU
		{3F4F15E2-9479-43E4-A162-CF57957632AB}.Debug|Any CPU.Build.0 = Debug|Any CPU
		{3F4F15E2-9479-43E4-A162-CF57957632AB}.Debug|x64.ActiveCfg = Debug|Any CPU
		{3F4F15E2-9479-43E4-A162-CF57957632AB}.Debug|x64.Build.0 = Debug|Any CPU
		{3F4F15E2-9479-43E4-A162-CF57957632AB}.Debug|x86.ActiveCfg = Debug|Any CPU
		{3F4F15E2-9479-43E4-A162-CF57957632AB}.Debug|x86.Build.0 = Debug|Any CPU
		{3F4F15E2-9479-43E4-A162-CF57957632AB}.Release|Any CPU.ActiveCfg = Release|Any CPU
		{3F4F15E2-9479-43E4-A162-CF57957632AB}.Release|Any CPU.Build.0 = Release|Any CPU
		{3F4F15E2-9479-43E4-A162-CF57957632AB}.Release|x64.ActiveCfg = Release|Any CPU
		{3F4F15E2-9479-43E4-A162-CF57957632AB}.Release|x64.Build.0 = Release|Any CPU
		{3F4F15E2-9479-43E4-A162-CF57957632AB}.Release|x86.ActiveCfg = Release|Any CPU
		{3F4F15E2-9479-43E4-A162-CF57957632AB}.Release|x86.Build.0 = Release|Any CPU
		{593E8C8E-5EF7-4513-BBD7-EF217D5912E4}.Debug|Any CPU.ActiveCfg = Debug|Any CPU
		{593E8C8E-5EF7-4513-BBD7-EF217D5912E4}.Debug|Any CPU.Build.0 = Debug|Any CPU
		{593E8C8E-5EF7-4513-BBD7-EF217D5912E4}.Debug|x64.ActiveCfg = Debug|Any CPU
		{593E8C8E-5EF7-4513-BBD7-EF217D5912E4}.Debug|x64.Build.0 = Debug|Any CPU
		{593E8C8E-5EF7-4513-BBD7-EF217D5912E4}.Debug|x86.ActiveCfg = Debug|Any CPU
		{593E8C8E-5EF7-4513-BBD7-EF217D5912E4}.Debug|x86.Build.0 = Debug|Any CPU
		{593E8C8E-5EF7-4513-BBD7-EF217D5912E4}.Release|Any CPU.ActiveCfg = Release|Any CPU
		{593E8C8E-5EF7-4513-BBD7-EF217D5912E4}.Release|Any CPU.Build.0 = Release|Any CPU
		{593E8C8E-5EF7-4513-BBD7-EF217D5912E4}.Release|x64.ActiveCfg = Release|Any CPU
		{593E8C8E-5EF7-4513-BBD7-EF217D5912E4}.Release|x64.Build.0 = Release|Any CPU
		{593E8C8E-5EF7-4513-BBD7-EF217D5912E4}.Release|x86.ActiveCfg = Release|Any CPU
		{593E8C8E-5EF7-4513-BBD7-EF217D5912E4}.Release|x86.Build.0 = Release|Any CPU
		{50E3B8F1-5497-4839-B3C8-571531C32B98}.Debug|Any CPU.ActiveCfg = Debug|Any CPU
		{50E3B8F1-5497-4839-B3C8-571531C32B98}.Debug|Any CPU.Build.0 = Debug|Any CPU
		{50E3B8F1-5497-4839-B3C8-571531C32B98}.Debug|x64.ActiveCfg = Debug|Any CPU
		{50E3B8F1-5497-4839-B3C8-571531C32B98}.Debug|x64.Build.0 = Debug|Any CPU
		{50E3B8F1-5497-4839-B3C8-571531C32B98}.Debug|x86.ActiveCfg = Debug|Any CPU
		{50E3B8F1-5497-4839-B3C8-571531C32B98}.Debug|x86.Build.0 = Debug|Any CPU
		{50E3B8F1-5497-4839-B3C8-571531C32B98}.Release|Any CPU.ActiveCfg = Release|Any CPU
		{50E3B8F1-5497-4839-B3C8-571531C32B98}.Release|Any CPU.Build.0 = Release|Any CPU
		{50E3B8F1-5497-4839-B3C8-571531C32B98}.Release|x64.ActiveCfg = Release|Any CPU
		{50E3B8F1-5497-4839-B3C8-571531C32B98}.Release|x64.Build.0 = Release|Any CPU
		{50E3B8F1-5497-4839-B3C8-571531C32B98}.Release|x86.ActiveCfg = Release|Any CPU
		{50E3B8F1-5497-4839-B3C8-571531C32B98}.Release|x86.Build.0 = Release|Any CPU
		{75EC5847-2159-4567-BD39-9E3E07BDBD2A}.Debug|Any CPU.ActiveCfg = Debug|Any CPU
		{75EC5847-2159-4567-BD39-9E3E07BDBD2A}.Debug|Any CPU.Build.0 = Debug|Any CPU
		{75EC5847-2159-4567-BD39-9E3E07BDBD2A}.Debug|x64.ActiveCfg = Debug|Any CPU
		{75EC5847-2159-4567-BD39-9E3E07BDBD2A}.Debug|x64.Build.0 = Debug|Any CPU
		{75EC5847-2159-4567-BD39-9E3E07BDBD2A}.Debug|x86.ActiveCfg = Debug|Any CPU
		{75EC5847-2159-4567-BD39-9E3E07BDBD2A}.Debug|x86.Build.0 = Debug|Any CPU
		{75EC5847-2159-4567-BD39-9E3E07BDBD2A}.Release|Any CPU.ActiveCfg = Release|Any CPU
		{75EC5847-2159-4567-BD39-9E3E07BDBD2A}.Release|Any CPU.Build.0 = Release|Any CPU
		{75EC5847-2159-4567-BD39-9E3E07BDBD2A}.Release|x64.ActiveCfg = Release|Any CPU
		{75EC5847-2159-4567-BD39-9E3E07BDBD2A}.Release|x64.Build.0 = Release|Any CPU
		{75EC5847-2159-4567-BD39-9E3E07BDBD2A}.Release|x86.ActiveCfg = Release|Any CPU
		{75EC5847-2159-4567-BD39-9E3E07BDBD2A}.Release|x86.Build.0 = Release|Any CPU
		{9607F7FA-7707-4005-8DA9-E0E1C5ADF0C1}.Debug|Any CPU.ActiveCfg = Debug|Any CPU
		{9607F7FA-7707-4005-8DA9-E0E1C5ADF0C1}.Debug|Any CPU.Build.0 = Debug|Any CPU
		{9607F7FA-7707-4005-8DA9-E0E1C5ADF0C1}.Debug|x64.ActiveCfg = Debug|Any CPU
		{9607F7FA-7707-4005-8DA9-E0E1C5ADF0C1}.Debug|x64.Build.0 = Debug|Any CPU
		{9607F7FA-7707-4005-8DA9-E0E1C5ADF0C1}.Debug|x86.ActiveCfg = Debug|Any CPU
		{9607F7FA-7707-4005-8DA9-E0E1C5ADF0C1}.Debug|x86.Build.0 = Debug|Any CPU
		{9607F7FA-7707-4005-8DA9-E0E1C5ADF0C1}.Release|Any CPU.ActiveCfg = Release|Any CPU
		{9607F7FA-7707-4005-8DA9-E0E1C5ADF0C1}.Release|Any CPU.Build.0 = Release|Any CPU
		{9607F7FA-7707-4005-8DA9-E0E1C5ADF0C1}.Release|x64.ActiveCfg = Release|Any CPU
		{9607F7FA-7707-4005-8DA9-E0E1C5ADF0C1}.Release|x64.Build.0 = Release|Any CPU
		{9607F7FA-7707-4005-8DA9-E0E1C5ADF0C1}.Release|x86.ActiveCfg = Release|Any CPU
		{9607F7FA-7707-4005-8DA9-E0E1C5ADF0C1}.Release|x86.Build.0 = Release|Any CPU
		{01827B40-CC7A-43F3-B40D-36DAD15E658C}.Debug|Any CPU.ActiveCfg = Debug|Any CPU
		{01827B40-CC7A-43F3-B40D-36DAD15E658C}.Debug|Any CPU.Build.0 = Debug|Any CPU
		{01827B40-CC7A-43F3-B40D-36DAD15E658C}.Debug|x64.ActiveCfg = Debug|Any CPU
		{01827B40-CC7A-43F3-B40D-36DAD15E658C}.Debug|x64.Build.0 = Debug|Any CPU
		{01827B40-CC7A-43F3-B40D-36DAD15E658C}.Debug|x86.ActiveCfg = Debug|Any CPU
		{01827B40-CC7A-43F3-B40D-36DAD15E658C}.Debug|x86.Build.0 = Debug|Any CPU
		{01827B40-CC7A-43F3-B40D-36DAD15E658C}.Release|Any CPU.ActiveCfg = Release|Any CPU
		{01827B40-CC7A-43F3-B40D-36DAD15E658C}.Release|Any CPU.Build.0 = Release|Any CPU
		{01827B40-CC7A-43F3-B40D-36DAD15E658C}.Release|x64.ActiveCfg = Release|Any CPU
		{01827B40-CC7A-43F3-B40D-36DAD15E658C}.Release|x64.Build.0 = Release|Any CPU
		{01827B40-CC7A-43F3-B40D-36DAD15E658C}.Release|x86.ActiveCfg = Release|Any CPU
		{01827B40-CC7A-43F3-B40D-36DAD15E658C}.Release|x86.Build.0 = Release|Any CPU
		{0913BE43-9C04-40DA-9DA6-3A5066A3A39E}.Debug|Any CPU.ActiveCfg = Debug|Any CPU
		{0913BE43-9C04-40DA-9DA6-3A5066A3A39E}.Debug|Any CPU.Build.0 = Debug|Any CPU
		{0913BE43-9C04-40DA-9DA6-3A5066A3A39E}.Debug|x64.ActiveCfg = Debug|Any CPU
		{0913BE43-9C04-40DA-9DA6-3A5066A3A39E}.Debug|x64.Build.0 = Debug|Any CPU
		{0913BE43-9C04-40DA-9DA6-3A5066A3A39E}.Debug|x86.ActiveCfg = Debug|Any CPU
		{0913BE43-9C04-40DA-9DA6-3A5066A3A39E}.Debug|x86.Build.0 = Debug|Any CPU
		{0913BE43-9C04-40DA-9DA6-3A5066A3A39E}.Release|Any CPU.ActiveCfg = Release|Any CPU
		{0913BE43-9C04-40DA-9DA6-3A5066A3A39E}.Release|Any CPU.Build.0 = Release|Any CPU
		{0913BE43-9C04-40DA-9DA6-3A5066A3A39E}.Release|x64.ActiveCfg = Release|Any CPU
		{0913BE43-9C04-40DA-9DA6-3A5066A3A39E}.Release|x64.Build.0 = Release|Any CPU
		{0913BE43-9C04-40DA-9DA6-3A5066A3A39E}.Release|x86.ActiveCfg = Release|Any CPU
		{0913BE43-9C04-40DA-9DA6-3A5066A3A39E}.Release|x86.Build.0 = Release|Any CPU
		{D67105B0-0951-4DDA-88D5-FF42FEC4A533}.Debug|Any CPU.ActiveCfg = Debug|Any CPU
		{D67105B0-0951-4DDA-88D5-FF42FEC4A533}.Debug|Any CPU.Build.0 = Debug|Any CPU
		{D67105B0-0951-4DDA-88D5-FF42FEC4A533}.Debug|x64.ActiveCfg = Debug|Any CPU
		{D67105B0-0951-4DDA-88D5-FF42FEC4A533}.Debug|x64.Build.0 = Debug|Any CPU
		{D67105B0-0951-4DDA-88D5-FF42FEC4A533}.Debug|x86.ActiveCfg = Debug|Any CPU
		{D67105B0-0951-4DDA-88D5-FF42FEC4A533}.Debug|x86.Build.0 = Debug|Any CPU
		{D67105B0-0951-4DDA-88D5-FF42FEC4A533}.Release|Any CPU.ActiveCfg = Release|Any CPU
		{D67105B0-0951-4DDA-88D5-FF42FEC4A533}.Release|Any CPU.Build.0 = Release|Any CPU
		{D67105B0-0951-4DDA-88D5-FF42FEC4A533}.Release|x64.ActiveCfg = Release|Any CPU
		{D67105B0-0951-4DDA-88D5-FF42FEC4A533}.Release|x64.Build.0 = Release|Any CPU
		{D67105B0-0951-4DDA-88D5-FF42FEC4A533}.Release|x86.ActiveCfg = Release|Any CPU
		{D67105B0-0951-4DDA-88D5-FF42FEC4A533}.Release|x86.Build.0 = Release|Any CPU
	EndGlobalSection
	GlobalSection(SolutionProperties) = preSolution
		HideSolutionNode = FALSE
	EndGlobalSection
	GlobalSection(ExtensibilityGlobals) = postSolution
		SolutionGuid = {7C6F3272-7D91-4C03-B912-7CC08267603D}
	EndGlobalSection
EndGlobal
